
Microsoft Visual Studio Solution File, Format Version 12.00
# Visual Studio 15
VisualStudioVersion = 15.0.27703.2026
MinimumVisualStudioVersion = 10.0.40219.1
Project("{FAE04EC0-301F-11D3-BF4B-00C04F79EFBC}") = "OnellectTest", "OnellectTest\OnellectTest.csproj", "{A87FD5D1-2992-45CC-8D8B-D10D4304AC08}"
EndProject
Global
	GlobalSection(SolutionConfigurationPlatforms) = preSolution
		Debug|Any CPU = Debug|Any CPU
		Release|Any CPU = Release|Any CPU
	EndGlobalSection
	GlobalSection(ProjectConfigurationPlatforms) = postSolution
		{A87FD5D1-2992-45CC-8D8B-D10D4304AC08}.Debug|Any CPU.ActiveCfg = Debug|Any CPU
		{A87FD5D1-2992-45CC-8D8B-D10D4304AC08}.Debug|Any CPU.Build.0 = Debug|Any CPU
		{A87FD5D1-2992-45CC-8D8B-D10D4304AC08}.Release|Any CPU.ActiveCfg = Release|Any CPU
		{A87FD5D1-2992-45CC-8D8B-D10D4304AC08}.Release|Any CPU.Build.0 = Release|Any CPU
	EndGlobalSection
	GlobalSection(SolutionProperties) = preSolution
		HideSolutionNode = FALSE
	EndGlobalSection
	GlobalSection(ExtensibilityGlobals) = postSolution
		SolutionGuid = {25D607EF-8E80-46C6-8067-F2FCBB3270A1}
	EndGlobalSection
EndGlobal
